
Microsoft Visual Studio Solution File, Format Version 12.00
# Visual Studio Version 17
VisualStudioVersion = 17.3.32811.315
MinimumVisualStudioVersion = 10.0.40219.1
Project("{FAE04EC0-301F-11D3-BF4B-00C04F79EFBC}") = "ficosu", "ficosu\ficosu.csproj", "{95068209-91D1-4F53-B13B-0A95C6C7FBAC}"
EndProject
Global
	GlobalSection(SolutionConfigurationPlatforms) = preSolution
		Debug|Any CPU = Debug|Any CPU
		Release|Any CPU = Release|Any CPU
	EndGlobalSection
	GlobalSection(ProjectConfigurationPlatforms) = postSolution
		{95068209-91D1-4F53-B13B-0A95C6C7FBAC}.Debug|Any CPU.ActiveCfg = Debug|Any CPU
		{95068209-91D1-4F53-B13B-0A95C6C7FBAC}.Debug|Any CPU.Build.0 = Debug|Any CPU
		{95068209-91D1-4F53-B13B-0A95C6C7FBAC}.Release|Any CPU.ActiveCfg = Release|Any CPU
		{95068209-91D1-4F53-B13B-0A95C6C7FBAC}.Release|Any CPU.Build.0 = Release|Any CPU
	EndGlobalSection
	GlobalSection(SolutionProperties) = preSolution
		HideSolutionNode = FALSE
	EndGlobalSection
	GlobalSection(ExtensibilityGlobals) = postSolution
		SolutionGuid = {B6D32705-B340-464F-B6B2-15F526279391}
	EndGlobalSection
EndGlobal
